
Microsoft Visual Studio Solution File, Format Version 12.00
# Visual Studio Version 16
VisualStudioVersion = 16.0.31005.135
MinimumVisualStudioVersion = 10.0.40219.1
Project("{FAE04EC0-301F-11D3-BF4B-00C04F79EFBC}") = "Oop", "Oop\Oop.csproj", "{F654A1D0-D651-48FC-AF30-6E59B608423F}"
EndProject
Global
	GlobalSection(SolutionConfigurationPlatforms) = preSolution
		Debug|Any CPU = Debug|Any CPU
		Release|Any CPU = Release|Any CPU
	EndGlobalSection
	GlobalSection(ProjectConfigurationPlatforms) = postSolution
		{F654A1D0-D651-48FC-AF30-6E59B608423F}.Debug|Any CPU.ActiveCfg = Debug|Any CPU
		{F654A1D0-D651-48FC-AF30-6E59B608423F}.Debug|Any CPU.Build.0 = Debug|Any CPU
		{F654A1D0-D651-48FC-AF30-6E59B608423F}.Release|Any CPU.ActiveCfg = Release|Any CPU
		{F654A1D0-D651-48FC-AF30-6E59B608423F}.Release|Any CPU.Build.0 = Release|Any CPU
	EndGlobalSection
	GlobalSection(SolutionProperties) = preSolution
		HideSolutionNode = FALSE
	EndGlobalSection
	GlobalSection(ExtensibilityGlobals) = postSolution
		SolutionGuid = {EB902E6D-0ACC-47A6-8C9B-4F36197E19AA}
	EndGlobalSection
EndGlobal
